
Microsoft Visual Studio Solution File, Format Version 12.00
# Visual Studio Version 16
VisualStudioVersion = 16.0.30330.147
MinimumVisualStudioVersion = 10.0.40219.1
Project("{FAE04EC0-301F-11D3-BF4B-00C04F79EFBC}") = "APIstudent", "APIstudent\APIstudent.csproj", "{AAC6C67D-1A2A-4585-9D85-AF31952B9E37}"
EndProject
Global
	GlobalSection(SolutionConfigurationPlatforms) = preSolution
		Debug|Any CPU = Debug|Any CPU
		Release|Any CPU = Release|Any CPU
	EndGlobalSection
	GlobalSection(ProjectConfigurationPlatforms) = postSolution
		{AAC6C67D-1A2A-4585-9D85-AF31952B9E37}.Debug|Any CPU.ActiveCfg = Debug|Any CPU
		{AAC6C67D-1A2A-4585-9D85-AF31952B9E37}.Debug|Any CPU.Build.0 = Debug|Any CPU
		{AAC6C67D-1A2A-4585-9D85-AF31952B9E37}.Release|Any CPU.ActiveCfg = Release|Any CPU
		{AAC6C67D-1A2A-4585-9D85-AF31952B9E37}.Release|Any CPU.Build.0 = Release|Any CPU
	EndGlobalSection
	GlobalSection(SolutionProperties) = preSolution
		HideSolutionNode = FALSE
	EndGlobalSection
	GlobalSection(ExtensibilityGlobals) = postSolution
		SolutionGuid = {4BFB0AB2-9831-4C69-A443-2CE8E13313C7}
	EndGlobalSection
EndGlobal
